{
  "lockfileVersion": 1,
  "configVersion": 1,
  "workspaces": {
    "": {
      "name": "libp2p-ffi-interop-js",
      "dependencies": {
        "@chainsafe/libp2p-noise": "17.0.0",
        "@chainsafe/libp2p-quic": "2.1.4",
        "@chainsafe/libp2p-yamux": "8.0.1",
        "@libp2p/autonat": "3.0.28",
        "@libp2p/circuit-relay-v2": "4.2.13",
        "@libp2p/crypto": "5.1.23",
        "@libp2p/dcutr": "3.0.28",
        "@libp2p/gossipsub": "17.1.1",
        "@libp2p/identify": "4.1.14",
        "@libp2p/kad-dht": "16.4.5",
        "@libp2p/peer-id": "6.0.15",
        "@libp2p/ping": "3.1.13",
        "@libp2p/tcp": "11.0.28",
        "@libp2p/utils": "7.4.1",
        "@multiformats/multiaddr": "13.0.3",
        "libp2p": "3.3.11",
      },
    },
  },
  "packages": {
    "@chainsafe/as-chacha20poly1305": ["@chainsafe/as-chacha20poly1305@0.1.0", "", {}, "sha512-BpNcL8/lji/GM3+vZ/bgRWqJ1q5kwvTFmGPk7pxm/QQZDbaMI98waOHjEymTjq2JmdD/INdNBFOVSyJofXg7ew=="],

    "@chainsafe/as-sha256": ["@chainsafe/as-sha256@1.2.5", "", {}, "sha512-8LzmWxBC/2O5BgbP+aRom/FaDJMrM04VZMlVIivYTc6yNQKYrONmIv27m3q/1VBgxrfrNNqmibitb2hE2tQzIw=="],

    "@chainsafe/is-ip": ["@chainsafe/is-ip@2.1.0", "", {}, "sha512-KIjt+6IfysQ4GCv66xihEitBjvhU/bixbbbFxdJ1sqCp4uJ0wuZiYBPhksZoy4lfaF0k9cwNzY5upEW/VWdw3w=="],

    "@chainsafe/libp2p-noise": ["@chainsafe/libp2p-noise@17.0.0", "", { "dependencies": { "@chainsafe/as-chacha20poly1305": "^0.1.0", "@chainsafe/as-sha256": "^1.2.0", "@libp2p/crypto": "^5.1.9", "@libp2p/interface": "^3.0.0", "@libp2p/peer-id": "^6.0.0", "@libp2p/utils": "^7.0.0", "@noble/ciphers": "^2.0.1", "@noble/curves": "^2.0.1", "@noble/hashes": "^2.0.1", "protons-runtime": "^5.6.0", "uint8arraylist": "^2.4.8", "uint8arrays": "^5.1.0", "wherearewe": "^2.0.1" } }, "sha512-vwrmY2Y+L1xYhIDiEpl61KHxwrLCZoXzTpwhyk34u+3+6zCAZPL3GxH3i2cs+u5IYNoyLptORdH17RKFXy7upA=="],

    "@chainsafe/libp2p-quic": ["@chainsafe/libp2p-quic@2.1.4", "", { "dependencies": { "@libp2p/crypto": "^5.1.7", "@libp2p/interface": "^3.1.0", "@libp2p/peer-id": "^6.0.4", "@libp2p/utils": "^7.0.11", "@multiformats/multiaddr": "^13.0.1", "@multiformats/multiaddr-matcher": "^3.0.1", "race-signal": "^1.1.3", "uint8arraylist": "^2.4.8" }, "optionalDependencies": { "@chainsafe/libp2p-quic-darwin-arm64": "2.1.4", "@chainsafe/libp2p-quic-darwin-x64": "2.1.4", "@chainsafe/libp2p-quic-linux-arm64-gnu": "2.1.4", "@chainsafe/libp2p-quic-linux-arm64-musl": "2.1.4", "@chainsafe/libp2p-quic-linux-x64-gnu": "2.1.4", "@chainsafe/libp2p-quic-linux-x64-musl": "2.1.4", "@chainsafe/libp2p-quic-win32-x64-msvc": "2.1.4" } }, "sha512-hI1pvoKtcZQPyUG50fco7yosbzPehB0matOk8doxHQHbZscyp5k/orwKMgdkL7xk85KpBhKqr7PPGXmkv+j0qg=="],

    "@chainsafe/libp2p-quic-darwin-arm64": ["@chainsafe/libp2p-quic-darwin-arm64@2.1.4", "", { "os": "darwin", "cpu": "arm64" }, "sha512-2EZ7BNZ0NNIBgO2zjg2kSIM1Hk6ZeRokufMf8KWoFApq0WVDxmEWCgF6LKyO4GL0dyoxSC1V/WUaXO5p3boX7Q=="],

    "@chainsafe/libp2p-quic-darwin-x64": ["@chainsafe/libp2p-quic-darwin-x64@2.1.4", "", { "os": "darwin", "cpu": "x64" }, "sha512-KKNmmW0blgYbnELu+hWRq36EJOkmoPKI/MSZ0Kvdg4gK4s+FxqbkjIEa2fTfd0ywImXTemA80MvfC8pRruDvFQ=="],

    "@chainsafe/libp2p-quic-linux-arm64-gnu": ["@chainsafe/libp2p-quic-linux-arm64-gnu@2.1.4", "", { "os": "linux", "cpu": "arm64" }, "sha512-/EE3gP895N8Y/ifRf4RwWUZuB5qIBWp+4KfiTzfeAjYWIVL+bxwn8G9eBjiwafVmSlHh4uhk0NhkM0T2DuUmvA=="],

    "@chainsafe/libp2p-quic-linux-arm64-musl": ["@chainsafe/libp2p-quic-linux-arm64-musl@2.1.4", "", { "os": "linux", "cpu": "arm64" }, "sha512-Maoz+mwRYzcd5K9KGDXAR3XFooedlmEcNCDzcVfYhSpJMnDR/bmLU5xfWpIVyU7ZKWMu1mcKpPi1oWedG8GlXQ=="],

    "@chainsafe/libp2p-quic-linux-x64-gnu": ["@chainsafe/libp2p-quic-linux-x64-gnu@2.1.4", "", { "os": "linux", "cpu": "x64" }, "sha512-pHVT5dGhLf57u4Fe1P2BnoDdTsXYDXpd+QySrTKRNbpXBB3T+A3CyOLBNdisDvDqQeKYgIwjDPMnViIt0Z6FWQ=="],

    "@chainsafe/libp2p-quic-linux-x64-musl": ["@chainsafe/libp2p-quic-linux-x64-musl@2.1.4", "", { "os": "linux", "cpu": "x64" }, "sha512-ihn0OQ4Wkcbql3Mh/EHMm/zM5WecBvN6g4r2i7s4Kvq39s2IkSs+mtT+CZOSOa5sym1TeWtYZTC1RNWo+Unbjg=="],

    "@chainsafe/libp2p-quic-win32-x64-msvc": ["@chainsafe/libp2p-quic-win32-x64-msvc@2.1.4", "", { "os": "win32", "cpu": "x64" }, "sha512-usPwEo2G9SKlwut4qtxBNnXM7RgdKcmt1lIthYj69dHQAcNzpkSGyvg/0iqW8aESvPiVK7+XbylslwluJDlmXg=="],

    "@chainsafe/libp2p-yamux": ["@chainsafe/libp2p-yamux@8.0.1", "", { "dependencies": { "@libp2p/interface": "^3.0.0", "@libp2p/utils": "^7.0.0", "race-signal": "^2.0.0", "uint8arraylist": "^2.4.8" } }, "sha512-pJsqmUg1cZRJZn/luAtQaq0uLcVfExo51Rg7iRtAEceNYtsKUi/exfegnvTBzTnF1CGmTzVEV3MCLsRhqiNyoA=="],

    "@chainsafe/netmask": ["@chainsafe/netmask@2.0.0", "", { "dependencies": { "@chainsafe/is-ip": "^2.0.1" } }, "sha512-I3Z+6SWUoaljh3TBzCnCxjlUyN8tA+NAk5L6m9IxvCf1BENQTePzPMis97CoN/iMW1St3WN+AWCCRp+TTBRiDg=="],

    "@dnsquery/dns-packet": ["@dnsquery/dns-packet@6.1.1", "", { "dependencies": { "@leichtgewicht/ip-codec": "^2.0.4", "utf8-codec": "^1.0.0" } }, "sha512-WXTuFvL3G+74SchFAtz3FgIYVOe196ycvGsMgvSH/8Goptb1qpIQtIuM4SOK9G9lhMWYpHxnXyy544ZhluFOew=="],

    "@leichtgewicht/ip-codec": ["@leichtgewicht/ip-codec@2.0.5", "", {}, "sha512-Vo+PSpZG2/fmgmiNzYK9qWRh8h/CHrwD0mo1h1DzL4yzHNSfWYujGTYsWGreD000gcgmZ7K4Ys6Tx9TxtsKdDw=="],

    "@libp2p/autonat": ["@libp2p/autonat@3.0.28", "", { "dependencies": { "@libp2p/interface": "^3.3.0", "@libp2p/interface-internal": "^3.1.13", "@libp2p/peer-collections": "^7.0.28", "@libp2p/peer-id": "^6.0.15", "@libp2p/utils": "^7.4.1", "@multiformats/multiaddr": "^13.0.3", "any-signal": "^4.1.1", "main-event": "^1.0.1", "multiformats": "^14.0.0", "protons-runtime": "^7.0.0", "uint8arraylist": "^3.0.2" } }, "sha512-e4Sw+T72QHS//cqHOhPtRUI50TRF6haZtrsAg5rk1neFx8zHHlVNsjIm38uv9P/GmK1vvc8jU442S/5opi8gZA=="],

    "@libp2p/circuit-relay-v2": ["@libp2p/circuit-relay-v2@4.2.13", "", { "dependencies": { "@libp2p/crypto": "^5.1.23", "@libp2p/interface": "^3.3.0", "@libp2p/interface-internal": "^3.1.13", "@libp2p/peer-collections": "^7.0.28", "@libp2p/peer-id": "^6.0.15", "@libp2p/peer-record": "^9.0.16", "@libp2p/utils": "^7.4.1", "@multiformats/multiaddr": "^13.0.3", "@multiformats/multiaddr-matcher": "^3.0.2", "any-signal": "^4.1.1", "main-event": "^1.0.1", "multiformats": "^14.0.0", "nanoid": "^6.0.0", "progress-events": "^1.1.0", "protons-runtime": "^7.0.0", "retimeable-signal": "^1.0.1", "uint8arraylist": "^3.0.2", "uint8arrays": "^6.1.1" } }, "sha512-AGEzj72W7Ae5eizaM+HeDzJBR28zK4yYp4BYvUOHQViT62W97FIITo/9Gc5rlkKti+gJJAurBm3cHV4A8Wcoxw=="],

    "@libp2p/crypto": ["@libp2p/crypto@5.1.23", "", { "dependencies": { "@libp2p/interface": "^3.3.0", "@noble/curves": "^2.0.1", "@noble/hashes": "^2.0.1", "multiformats": "^14.0.0", "protons-runtime": "^7.0.0", "uint8arraylist": "^3.0.2", "uint8arrays": "^6.1.1" } }, "sha512-u6XVMD1YpUJgjS5MAayrxlzi+hQcj3FHY0wS6/M/T93ntyCW13BmmRzFb2ESamk65PEuSCAChmQeSzRV2sh2rQ=="],

    "@libp2p/dcutr": ["@libp2p/dcutr@3.0.28", "", { "dependencies": { "@libp2p/interface": "^3.3.0", "@libp2p/interface-internal": "^3.1.13", "@libp2p/utils": "^7.4.1", "@multiformats/multiaddr": "^13.0.3", "@multiformats/multiaddr-matcher": "^3.0.2", "delay": "^7.0.0", "protons-runtime": "^7.0.0", "uint8arraylist": "^3.0.2" } }, "sha512-ULbHSdedcLpCzXUB1BGwiKPs+sshaT+TuicDullCWwsdq6nhzpfg3KkGP/BmvzIwkEkNTRGWQ7AScI6rIHBT7g=="],

    "@libp2p/gossipsub": ["@libp2p/gossipsub@17.1.1", "", { "dependencies": { "@libp2p/crypto": "^5.1.23", "@libp2p/interface": "^3.3.0", "@libp2p/interface-internal": "^3.1.13", "@libp2p/peer-id": "^6.0.15", "@libp2p/utils": "^7.4.1", "@multiformats/multiaddr": "^13.0.3", "denque": "^2.1.0", "it-length-prefixed": "^11.0.1", "it-pipe": "^3.0.1", "it-pushable": "^3.2.3", "multiformats": "^14.0.0", "protons-runtime": "^7.0.0", "uint8arraylist": "^3.0.2", "uint8arrays": "^6.1.1" } }, "sha512-SkQlCMbwltlGxaIcYKKycv43rYWhYftRMFOFTHSgGpECY4rZI5C6qteH8c/QgH9UVSjx+NdKRnaxQe9b5Z+Kzg=="],

    "@libp2p/identify": ["@libp2p/identify@4.1.14", "", { "dependencies": { "@libp2p/crypto": "^5.1.23", "@libp2p/interface": "^3.3.0", "@libp2p/interface-internal": "^3.1.13", "@libp2p/peer-id": "^6.0.15", "@libp2p/peer-record": "^9.0.16", "@libp2p/utils": "^7.4.1", "@multiformats/multiaddr": "^13.0.3", "@multiformats/multiaddr-matcher": "^3.0.2", "it-drain": "^3.0.10", "it-parallel": "^3.0.13", "main-event": "^1.0.1", "protons-runtime": "^7.0.0", "uint8arraylist": "^3.0.2", "uint8arrays": "^6.1.1" } }, "sha512-c7oU0DSKzkMNsanruOQc4Zy6mSf3fq8/W+4E/I936HiHZc/LIbUuCWaxbgmQexdfKqECH1qH4q9IwaCUWmjPMQ=="],

    "@libp2p/interface": ["@libp2p/interface@3.3.0", "", { "dependencies": { "@multiformats/dns": "^1.0.6", "@multiformats/multiaddr": "^13.0.3", "main-event": "^1.0.1", "multiformats": "^14.0.0", "progress-events": "^1.1.0", "uint8arraylist": "^3.0.2" } }, "sha512-SXahM/4IgpiFKTtocbXYSTA1wEUVjktmT1yBCzBbc2Vgsu1VBCg6SvsFmXo2Hbeyev3D8EU+y3uaCKDB43C/Vg=="],

    "@libp2p/interface-internal": ["@libp2p/interface-internal@3.1.13", "", { "dependencies": { "@libp2p/interface": "^3.3.0", "@libp2p/peer-collections": "^7.0.28", "@multiformats/multiaddr": "^13.0.3", "progress-events": "^1.0.1" } }, "sha512-+vjQzpQl+0uoWCyNwV5NDnv1RAK9LDeWGeMbx/Fl2ZWrndtuFUPa9LxwqHXrTly6YOhgUatSzVqZBWnrQ1PxGg=="],

    "@libp2p/kad-dht": ["@libp2p/kad-dht@16.4.5", "", { "dependencies": { "@libp2p/crypto": "^5.1.23", "@libp2p/interface": "^3.3.0", "@libp2p/interface-internal": "^3.1.13", "@libp2p/peer-collections": "^7.0.28", "@libp2p/peer-id": "^6.0.15", "@libp2p/ping": "^3.1.13", "@libp2p/record": "^4.0.15", "@libp2p/utils": "^7.4.1", "@multiformats/multiaddr": "^13.0.3", "@multiformats/multiaddr-matcher": "^3.0.2", "any-signal": "^4.1.1", "interface-datastore": "^10.0.1", "it-all": "^3.0.9", "it-drain": "^3.0.10", "it-length": "^3.0.9", "it-map": "^3.1.4", "it-merge": "^3.0.12", "it-parallel": "^3.0.13", "it-pipe": "^3.0.1", "it-pushable": "^3.2.3", "it-take": "^3.0.9", "main-event": "^1.0.1", "multiformats": "^14.0.0", "p-defer": "^4.0.1", "p-event": "^7.0.0", "progress-events": "^1.0.1", "protons-runtime": "^7.0.0", "race-signal": "^2.0.0", "uint8-varint": "^3.0.0", "uint8arraylist": "^3.0.2", "uint8arrays": "^6.1.1" } }, "sha512-Pxmk3pIfe5Ih1xr+CY1uzw8AXRY+2VI6p3iebM4ljueu+dovEPIahW8tq4F2iNHIQftuc9Svncw4JikwrU7I1w=="],

    "@libp2p/logger": ["@libp2p/logger@6.2.13", "", { "dependencies": { "@libp2p/interface": "^3.3.0", "@multiformats/multiaddr": "^13.0.3", "interface-datastore": "^10.0.1", "multiformats": "^14.0.0", "weald": "^1.1.0" } }, "sha512-+tkZuRPoiFdh+frG//3hQ3goV1uMzRblpZ+mwtezgLXkRNqB5YKBLl+c/rtrurwAUqjCuI/yoEPJBiCizg2z6w=="],

    "@libp2p/multistream-select": ["@libp2p/multistream-select@7.0.28", "", { "dependencies": { "@libp2p/interface": "^3.3.0", "@libp2p/utils": "^7.4.1", "it-length-prefixed": "^11.0.1", "uint8arraylist": "^3.0.2", "uint8arrays": "^6.1.1" } }, "sha512-X6rmxeAlFeTDHDc4IPujz+y9TdA8cSMFfWyGJfxdIbQpDc1PwZI/Ttt3YWp0LAT9sbSYVFaWA6cGTN9EnMWtGQ=="],

    "@libp2p/peer-collections": ["@libp2p/peer-collections@7.0.28", "", { "dependencies": { "@libp2p/interface": "^3.3.0", "@libp2p/peer-id": "^6.0.15", "@libp2p/utils": "^7.4.1", "multiformats": "^14.0.0" } }, "sha512-+evafZ5oSnGRfB7z+ycf09ehzNhCKoOZaiHgi6TpnDitpRQM5KQeN0H9Ep2uNJtzyW944HOG41BqcSaHbEHv7Q=="],

    "@libp2p/peer-id": ["@libp2p/peer-id@6.0.15", "", { "dependencies": { "@libp2p/crypto": "^5.1.23", "@libp2p/interface": "^3.3.0", "multiformats": "^14.0.0", "uint8arrays": "^6.1.1" } }, "sha512-aIbYJcldMNOIzmm9J57aESjZInYFdrQ9AY0ij+qn0Oam2vBxDfEIJZxJu+JzVkB2rVvT+FHDQXKWT2nAqNgB8w=="],

    "@libp2p/peer-record": ["@libp2p/peer-record@9.0.16", "", { "dependencies": { "@libp2p/crypto": "^5.1.23", "@libp2p/interface": "^3.3.0", "@libp2p/peer-id": "^6.0.15", "@multiformats/multiaddr": "^13.0.3", "multiformats": "^14.0.0", "protons-runtime": "^7.0.0", "uint8-varint": "^3.0.0", "uint8arraylist": "^3.0.2", "uint8arrays": "^6.1.1" } }, "sha512-J4QoPr0F1v6xqjHjAJ9KPbg4jdDlGutDk2K3Km6+o0nWzZCgCGeSEIDOO2UvPa2bFoZTL62cD73fn8tm5K06cg=="],

    "@libp2p/peer-store": ["@libp2p/peer-store@12.0.28", "", { "dependencies": { "@libp2p/crypto": "^5.1.23", "@libp2p/interface": "^3.3.0", "@libp2p/peer-collections": "^7.0.28", "@libp2p/peer-id": "^6.0.15", "@libp2p/peer-record": "^9.0.16", "@multiformats/multiaddr": "^13.0.3", "interface-datastore": "^10.0.1", "it-all": "^3.0.9", "main-event": "^1.0.1", "mortice": "^3.3.1", "multiformats": "^14.0.0", "protons-runtime": "^7.0.0", "uint8arraylist": "^3.0.2", "uint8arrays": "^6.1.1" } }, "sha512-dj4qRhN01kml/It5/4P4DVcjfEZXJ2uZVVItCrs2YBGG2HLEYfWQZYROVbTCXDOCWwZK46aJ8eSLt4orsefq7Q=="],

    "@libp2p/ping": ["@libp2p/ping@3.1.13", "", { "dependencies": { "@libp2p/interface": "^3.3.0", "@libp2p/interface-internal": "^3.1.13", "p-event": "^7.0.0", "race-signal": "^2.0.0", "uint8arraylist": "^3.0.2", "uint8arrays": "^6.1.1" } }, "sha512-zB0TYbxWD73z3kqHrC2PDk7CAX0wQ0smz6mZ9okE4MoFgJv+XtMaIB2pB/4eT7xjWwdc2w3mYRmq+lMyXl3nXQ=="],

    "@libp2p/record": ["@libp2p/record@4.0.15", "", { "dependencies": { "protons-runtime": "^7.0.0", "uint8arraylist": "^3.0.2", "uint8arrays": "^6.1.1" } }, "sha512-EaHFtQAlZuM9vCpd+0KnZhTVgV26Uzje7DkyUseGNKTy+Wit9Q94C/+wDThpZuRHnK1FH/CvPxJ4kLj7AoQ1WA=="],

    "@libp2p/tcp": ["@libp2p/tcp@11.0.28", "", { "dependencies": { "@libp2p/interface": "^3.3.0", "@libp2p/utils": "^7.4.1", "@multiformats/multiaddr": "^13.0.3", "@multiformats/multiaddr-matcher": "^3.0.2", "main-event": "^1.0.1", "p-event": "^7.0.0", "progress-events": "^1.0.1", "uint8arraylist": "^3.0.2" } }, "sha512-+YD59zz1V8YT47ZiInqoHAeSx45BC2bb5FVu3Bplo5zOxMMNXcH5WATIgn+IYIbusNPpMcs5wKd0QimQwzBl6Q=="],

    "@libp2p/utils": ["@libp2p/utils@7.4.1", "", { "dependencies": { "@chainsafe/is-ip": "^2.1.0", "@chainsafe/netmask": "^2.0.0", "@libp2p/interface": "^3.3.0", "@libp2p/logger": "^6.2.13", "@multiformats/multiaddr": "^13.0.3", "@multiformats/multiaddr-matcher": "^3.0.2", "@sindresorhus/fnv1a": "^3.1.0", "any-signal": "^4.1.1", "cborg": "^6.0.0", "delay": "^7.0.0", "is-loopback-addr": "^2.0.2", "it-length-prefixed": "^11.0.1", "it-pipe": "^3.0.1", "it-pushable": "^3.2.3", "it-stream-types": "^2.0.2", "main-event": "^1.0.1", "netmask": "^2.0.2", "p-defer": "^4.0.1", "p-event": "^7.0.0", "progress-events": "^1.1.0", "protons-runtime": "^7.0.0", "race-signal": "^2.0.0", "uint8-varint": "^3.0.0", "uint8arraylist": "^3.0.2", "uint8arrays": "^6.1.1" } }, "sha512-e9cZeop+awI0rFczG4DvAwVeHqBhuCZfTyskvgONfKQrsT7L0BSlTlTTzZoFF8Dnb+QrzHsoIpnl0PrCr0h+Hg=="],

    "@multiformats/dns": ["@multiformats/dns@1.0.15", "", { "dependencies": { "@dnsquery/dns-packet": "^6.1.1", "@libp2p/interface": "^3.1.0", "hashlru": "^2.3.0", "p-queue": "^9.0.0", "progress-events": "^1.0.0", "uint8arrays": "^6.1.1" } }, "sha512-W0zAMABtAn+3chgFcPGvllKND7M6GblMAAFcJQTy+iMmGiyFErZYPzAh2b50Y3SFf340iFV7+ckVgZkGfUyxzA=="],

    "@multiformats/multiaddr": ["@multiformats/multiaddr@13.0.3", "", { "dependencies": { "@chainsafe/is-ip": "^2.0.1", "multiformats": "^14.0.0", "uint8-varint": "^3.0.0", "uint8arrays": "^6.1.1" } }, "sha512-mEqqJ4r3a/uuFMTpRkU316wGNIDQNhuVWpm+ebKTQeYsfv9jXbPONWM6VVnj3KGUrwfsX7GZOyp4TFqEA2SPCw=="],

    "@multiformats/multiaddr-matcher": ["@multiformats/multiaddr-matcher@3.0.2", "", { "dependencies": { "@multiformats/multiaddr": "^13.0.0" } }, "sha512-iphGQJliZxe2yKu57bdRDgeS+3znc5uXtMybDO1Wau3rIjas4zjrjlyxmFz3wqyUL9f3VDQwas/ZqA7N4QeSfw=="],

    "@noble/ciphers": ["@noble/ciphers@2.4.0", "", {}, "sha512-AnjFn0Jv92laAkvMrghlFZq4qQCIN/4DxFV/eooqtC2YTjB7kBeLMS2T9KJX4Dn+ZVXLOwK0lSgqDtx9gvxtiw=="],

    "@noble/curves": ["@noble/curves@2.4.0", "", { "dependencies": { "@noble/hashes": "2.4.0" } }, "sha512-P4/62zrgfH33CneE3Dn4WhJVA22YUU0eR51wKIan4NVRvwsA0YnPTwWGpNbpuacSujmSFLvyzpyuR30+fbq2Ew=="],

    "@noble/hashes": ["@noble/hashes@2.4.0", "", {}, "sha512-X5XaVWZIBCT7HHZGm5I7ZQXDwLG+bGXuSrMQAW+7Zvl87h1kmc1ZB1VSRJcpUfoUrGQp4Fkoxm5kZ+Ms+aW+eA=="],

    "@sindresorhus/fnv1a": ["@sindresorhus/fnv1a@3.1.0", "", {}, "sha512-KV321z5m/0nuAg83W1dPLy85HpHDk7Sdi4fJbwvacWsEhAh+rZUW4ZfGcXmUIvjZg4ss2bcwNlRhJ7GBEUG08w=="],

    "abort-error": ["abort-error@1.0.2", "", {}, "sha512-lVgvB2NyPLqbXXhVmXcYFTC1x5K7CiVdPgdY7LGgFQWC8506oN01sPN3i9cl9ynuwF4iJ0TS9exnR7cZ9FuX4w=="],

    "any-signal": ["any-signal@4.2.0", "", {}, "sha512-LndMvYuAPf4rC195lk7oSFuHOYFpOszIYrNYv0gHAvz+aEhE9qPZLhmrIz5pXP2BSsPOXvsuHDXEGaiQhIh9wA=="],

    "cborg": ["cborg@6.1.2", "", { "bin": { "cborg": "lib/bin.js" } }, "sha512-hQfFh6FuuCDoycN68FtUpjtQx5kCtxOLA8msbpJZxjtxaMqxgHl+4GNwO+0YexH/lHmVzhhAKa0ua+vtmTRoVw=="],

    "datastore-core": ["datastore-core@12.0.1", "", { "dependencies": { "@libp2p/logger": "^6.2.4", "abort-error": "^1.0.2", "interface-datastore": "^10.0.0", "interface-store": "^8.0.0", "it-drain": "^3.0.10", "it-filter": "^3.1.4", "it-map": "^3.1.4", "it-merge": "^3.0.12", "it-pipe": "^3.0.1", "it-sort": "^3.0.9", "it-take": "^3.0.9" } }, "sha512-pfgIE5LG0Z5oyc6TxiLaF/0j4Gh1Yrs2+Ck/qssf9Oxw4s4YKC3zpqifuzThnKakAFWONr/vRv+66Koc0yJvyA=="],

    "delay": ["delay@7.0.0", "", { "dependencies": { "random-int": "^3.1.0", "unlimited-timeout": "^0.1.0" } }, "sha512-C3vaGs818qzZjCvVJ98GQUMVyWeg7dr5w2Nwwb2t5K8G98jOyyVO2ti2bKYk5yoYElqH3F2yA53ykuEnwD6MCg=="],

    "denque": ["denque@2.1.0", "", {}, "sha512-HVQE3AAb/pxF8fQAoiqpvg9i3evqug3hoiwakOyZAwJm+6vZehbkYXZ0l4JxS+I3QxM97v5aaRNhj8v5oBhekw=="],

    "eventemitter3": ["eventemitter3@5.0.4", "", {}, "sha512-mlsTRyGaPBjPedk6Bvw+aqbsXDtoAyAzm5MO7JgU+yVRyMQ5O8bD4Kcci7BS85f93veegeCPkL8R4GLClnjLFw=="],

    "hashlru": ["hashlru@2.3.0", "", {}, "sha512-0cMsjjIC8I+D3M44pOQdsy0OHXGLVz6Z0beRuufhKa0KfaD2wGwAev6jILzXsd3/vpnNQJmWyZtIILqM1N+n5A=="],

    "interface-datastore": ["interface-datastore@10.0.1", "", { "dependencies": { "abort-error": "^1.0.2", "interface-store": "^8.0.0", "uint8arrays": "^6.1.1" } }, "sha512-DYMj/Og5Cz1Qwkx6/x5KRvR8SYEX7rVAv3KKCm2NzTwWSfpNAC4PahjcYbHyoZBP6zPWrhQv5n5wE+vaDdgSAg=="],

    "interface-store": ["interface-store@8.0.0", "", { "dependencies": { "abort-error": "^1.0.2" } }, "sha512-e2+s3EEROzM+Wlas4hU3zveTUscvVMf1BOvdsJfpzFm19SoEXLVadpACjWOnM491HqGpvtfFnevyiaN8W+I6Eg=="],

    "is-electron": ["is-electron@2.2.2", "", {}, "sha512-FO/Rhvz5tuw4MCWkpMzHFKWD2LsfHzIb7i6MdPYZ/KW7AlxawyLkqdy+jPZP1WubqEADE3O4FUENlJHDfQASRg=="],

    "is-loopback-addr": ["is-loopback-addr@2.1.0", "", {}, "sha512-77bB59Coq+vGTibZlnuYVU1bUuiboGZ62ZJ7TqmgYKb+hko9dSlqS5OfqvmPZhwJys48At4y4D1UJP3GuvoXtQ=="],

    "is-network-error": ["is-network-error@1.3.2", "", {}, "sha512-PhBY86zaxNZUuWP6h13Vu5oFe0XY6/UlKzQnYFELzGVHygP3MxmvTfYSG7GN3aIab/iWudSMgjSnG9Dq+nHrgA=="],

    "it-all": ["it-all@3.0.11", "", {}, "sha512-Gvqj6MO4GMLnFdtE68HZRpGBskNC+9+GQ+JevTGNYLyhjUuPhjDLU3jN1LpBemXJDW1bRSkczqA/qGyKlPKrcQ=="],

    "it-drain": ["it-drain@3.0.12", "", {}, "sha512-RaFA9X1PF2Pf1Jlqhgf5PlXLgf6CaZt7tSzhia+EkEVcAJRKa0Uhr8UnjVv0GmOA3Air9jDJfIX2KIvz5hZ1Ag=="],

    "it-filter": ["it-filter@3.1.6", "", { "dependencies": { "it-peekable": "^3.0.0" } }, "sha512-yXiGPAvJn/exXjVFSCMQc3+J/7RLpOMwKoY2DH1yMhF4lYkdRoAdOwU0vnDACAlRAexf7AZvESZIc9mzhEoi/A=="],

    "it-length": ["it-length@3.0.11", "", {}, "sha512-j0uukHdr3zoLm4dcozDoyv5khQrOI8dfXMSSEqaxorfOtleh1KwRVbdnTmzj6HVkHgTM1jcx+bhAcnTkbpHl+g=="],

    "it-length-prefixed": ["it-length-prefixed@11.0.1", "", { "dependencies": { "it-reader": "^7.0.0", "it-stream-types": "^2.0.1", "uint8-varint": "^3.0.0", "uint8arraylist": "^3.0.1", "uint8arrays": "^6.1.0" } }, "sha512-0Cy4RHFiL2CH060Lkigq0N37VaPg7oSylG6YjXErq+ccJFYcNEWNzxNjbqceio/sY1C+q84vZXOCE6/C0flYfQ=="],

    "it-map": ["it-map@3.1.6", "", { "dependencies": { "it-peekable": "^3.0.0" } }, "sha512-wCix0FXImtIPIxhCnbz35RqWs00e/CReSZX9nZq1j46JcAzBBp57ob9/2l1WnDYEaUURIR8xCyg2NsWbOwBJFQ=="],

    "it-merge": ["it-merge@3.0.15", "", { "dependencies": { "it-queueless-pushable": "^2.0.0" } }, "sha512-rUskoyECUdJsUwpfBtiLXddm56J+vukMztq+PpfTss1mRl/aHv1YJs+6Q2XnpvDThFC2y4Xm636X0xh6IecPGg=="],

    "it-parallel": ["it-parallel@3.0.16", "", { "dependencies": { "p-defer": "^4.0.1" } }, "sha512-qr3nTgj4fraSfr6Ix9JkHsy/Yb/4vmS3QIAu3fsX52r2SOTLbohXoixKp6AIhTJcorpKwjP0VFcpHr5V54jivA=="],

    "it-peekable": ["it-peekable@3.0.10", "", {}, "sha512-2E6+p1pelZOhzp69aaiiBuEybWzAl10uYbIdCR3Pxy8bFNnS/kgpbLtGbNbIZ6RVdU7yHHkmATYwjy52GfFEKA=="],

    "it-pipe": ["it-pipe@3.0.1", "", { "dependencies": { "it-merge": "^3.0.0", "it-pushable": "^3.1.2", "it-stream-types": "^2.0.1" } }, "sha512-sIoNrQl1qSRg2seYSBH/3QxWhJFn9PKYvOf/bHdtCBF0bnghey44VyASsWzn5dAx0DCDDABq1hZIuzKmtBZmKA=="],

    "it-pushable": ["it-pushable@3.2.4", "", { "dependencies": { "p-defer": "^4.0.0" } }, "sha512-WSD7Ss4oCRfDZJT4ldLWr0Bom/muY90xxoJ5PQnU3uSKf0kxCOeehqZtiJX1ARqn+ymXGh1bxpDW9bDNHp2ivQ=="],

    "it-queue": ["it-queue@1.1.4", "", { "dependencies": { "abort-error": "^1.0.2", "it-pushable": "^3.2.3", "main-event": "^1.0.1", "race-event": "^1.6.1", "race-signal": "^2.0.0" } }, "sha512-cGH0+YfMPmwQ+lV+MhJcOXqOgE04h0zQCXvDUmvGGTyW0VqxJZbi7V+PQFEuPVN/5dHQg5RY9aVjMCgmxXaE5Q=="],

    "it-queueless-pushable": ["it-queueless-pushable@2.0.5", "", { "dependencies": { "abort-error": "^1.0.2", "p-defer": "^4.0.1", "race-signal": "^2.0.0" } }, "sha512-BaKqGLL1AQMR1AEaxiM09vzJQVXHHhfhh9UV0qPqORw/8Rm8igDQqT1qHregfHIb1NIW9jxQ/aXBibHJyuivuQ=="],

    "it-reader": ["it-reader@7.0.0", "", { "dependencies": { "it-stream-types": "^2.0.1", "uint8arraylist": "^3.0.1" } }, "sha512-bTWQPHH1if8N1K9XeidDjhTDm51ALbOksMa9uCZVVsQkoIPXP0XVKM88/Ynqr7HS18La/P1Kvu7C73j4rRoKWQ=="],

    "it-sort": ["it-sort@3.0.11", "", { "dependencies": { "it-all": "^3.0.0" } }, "sha512-eZ22LAoNLx4i4gVV44tJPoUYf/o+mHKa6+OigdVH/hmsdA2qoJN6MNPvKZyZKBf6+S/8PBE44zyvkzdYGkRhbA=="],

    "it-stream-types": ["it-stream-types@2.0.4", "", {}, "sha512-tsX+klvMQ53J4Jm2B52vCIs7WD609ck+VS9X2TKMEv7VPY9VwaYKmSWyHek5QS0wHBtP0bWj9KMqCtAHgVKiXw=="],

    "it-take": ["it-take@3.0.11", "", {}, "sha512-zvoeEjLViGFyhYT5KNCgmcIH90Si8lCve4aTMvgej/ZQRfB9YzrcJW3UHIJjbQ9TiAnsT4vsWDImEFQNk5xmnA=="],

    "libp2p": ["libp2p@3.3.11", "", { "dependencies": { "@chainsafe/is-ip": "^2.1.0", "@chainsafe/netmask": "^2.0.0", "@libp2p/crypto": "^5.1.23", "@libp2p/interface": "^3.3.0", "@libp2p/interface-internal": "^3.1.13", "@libp2p/logger": "^6.2.13", "@libp2p/multistream-select": "^7.0.28", "@libp2p/peer-collections": "^7.0.28", "@libp2p/peer-id": "^6.0.15", "@libp2p/peer-store": "^12.0.28", "@libp2p/utils": "^7.4.1", "@multiformats/dns": "^1.0.6", "@multiformats/multiaddr": "^13.0.3", "@multiformats/multiaddr-matcher": "^3.0.2", "any-signal": "^4.1.1", "datastore-core": "^12.0.1", "interface-datastore": "^10.0.1", "it-merge": "^3.0.12", "it-parallel": "^3.0.13", "main-event": "^1.0.1", "multiformats": "^14.0.0", "p-defer": "^4.0.1", "p-event": "^7.0.0", "p-retry": "^8.0.0", "progress-events": "^1.1.0", "race-signal": "^2.0.0", "uint8arrays": "^6.1.1" } }, "sha512-+J3Dw1RnGdcpQaPN1HD+Z6xVS3qY0vnsqE2Tu//pfoiJxabaZVkc2FBNnNQ1Sj+Th2qoloeJ11jvxuNXSa1gtA=="],

    "main-event": ["main-event@1.0.5", "", {}, "sha512-4l9z8r7Q446mhhVTwdHmfPksOYBwN2xa7ewEW2yxPVNQapIaAf57ORFLMB91SpMEMa4wXowect7fq3uMLjDnGA=="],

    "mortice": ["mortice@3.3.1", "", { "dependencies": { "abort-error": "^1.0.0", "it-queue": "^1.1.0", "main-event": "^1.0.0" } }, "sha512-t3oESfijIPGsmsdLEKjF+grHfrbnKSXflJtgb1wY14cjxZpS6GnhHRXTxxzCAoCCnq1YYfpEPwY3gjiCPhOufQ=="],

    "ms": ["ms@4.0.0-nightly.202508271359", "", {}, "sha512-WC/Eo7NzFrOV/RRrTaI0fxKVbNCzEy76j2VqNV8SxDf9D69gSE2Lh0QwYvDlhiYmheBYExAvEAxVf5NoN0cj2A=="],

    "multiformats": ["multiformats@14.0.5", "", {}, "sha512-vbIm83F2yZ1pWJGS0yl0ysracIvv56LtbrIyiIQHoLdYDJOMoLfVFsXhh9DUH4SFdkdkFhucyWniihsNzVEjkQ=="],

    "nanoid": ["nanoid@6.0.1", "", { "bin": { "nanoid": "bin/nanoid.js" } }, "sha512-3wVS3i51pE2pi1k5FFL/95BGfVS0kSsvDVuGXHOtxox/TywUmtgq+3qiTOTbs9J7KfHaXPiN171k/A6dBnaXFw=="],

    "netmask": ["netmask@2.1.1", "", {}, "sha512-eonl3sLUha+S1GzTPxychyhnUzKyeQkZ7jLjKrBagJgPla13F+uQ71HgpFefyHgqrjEbCPkDArxYsjY8/+gLKA=="],

    "p-defer": ["p-defer@4.0.1", "", {}, "sha512-Mr5KC5efvAK5VUptYEIopP1bakB85k2IWXaRC0rsh1uwn1L6M0LVml8OIQ4Gudg4oyZakf7FmeRLkMMtZW1i5A=="],

    "p-event": ["p-event@7.1.1", "", { "dependencies": { "p-timeout": "^7.0.1" } }, "sha512-T629EpxCTho6yxIZz2dFZwMkyWUM5jh/0h1+u/Xo4+Fllu0DuKQF6ghqIgSWVTluIvHSXL+XBRScH+E+y9TQ0g=="],

    "p-queue": ["p-queue@9.3.3", "", { "dependencies": { "eventemitter3": "^5.0.4", "p-timeout": "^7.0.0" } }, "sha512-NXAOdnEe5FsZJfT4oK84lE1Y5cFFdWlRuOo5tww8DyNMxyRXwn39fIkUtNLKppcPC+UYU/bXujNCUGDv01y7CA=="],

    "p-retry": ["p-retry@8.0.1", "", { "dependencies": { "is-network-error": "^1.3.0" } }, "sha512-NAigyu8hfvJe7MsS18mnc4is0MZtau3QMdBklaJKK23oBQb6occO3UPM3vHmTckW8KhfyjMZaUOqdTFEYliHgg=="],

    "p-timeout": ["p-timeout@7.0.2", "", {}, "sha512-prbX4Z3YszrFNgH+MW5Zoeq3baXrMtP/MQnFeET90UB/GtGcGDQ5Usg9OCy6ETjTTntOw1SL2z9fMPUppN3Guw=="],

    "progress-events": ["progress-events@1.1.0", "", {}, "sha512-82DVc5tI36neVB3IjdXR11ztwGuoBc98em9ijzubeZKxI47OlV2Znq6mlPqE5xPDzO2Uw98GHiQSjj2favBCRQ=="],

    "protons-runtime": ["protons-runtime@5.6.0", "", { "dependencies": { "uint8-varint": "^2.0.2", "uint8arraylist": "^2.4.3", "uint8arrays": "^5.0.1" } }, "sha512-/Kde+sB9DsMFrddJT/UZWe6XqvL7SL5dbag/DBCElFKhkwDj7XKt53S+mzLyaDP5OqS0wXjV5SA572uWDaT0Hg=="],

    "race-event": ["race-event@1.6.1", "", { "dependencies": { "abort-error": "^1.0.1" } }, "sha512-vi7WH5g5KoTFpu2mme/HqZiWH14XSOtg5rfp6raBskBHl7wnmy3F/biAIyY5MsK+BHWhoPhxtZ1Y2R7OHHaWyQ=="],

    "race-signal": ["race-signal@1.1.3", "", {}, "sha512-Mt2NznMgepLfORijhQMncE26IhkmjEphig+/1fKC0OtaKwys/gpvpmswSjoN01SS+VO951mj0L4VIDXdXsjnfA=="],

    "random-int": ["random-int@3.1.0", "", {}, "sha512-h8CRz8cpvzj0hC/iH/1Gapgcl2TQ6xtnCpyOI5WvWfXf/yrDx2DOU+tD9rX23j36IF11xg1KqB9W11Z18JPMdw=="],

    "retimeable-signal": ["retimeable-signal@1.0.1", "", {}, "sha512-Cy26CYfbWnYu8HMoJeDhaMpW/EYFIbne3vMf6G9RSrOyWYXbPehja/BEdzpqmM84uy2bfBD7NPZhoQ4GZEtgvg=="],

    "supports-color": ["supports-color@10.2.2", "", {}, "sha512-SS+jx45GF1QjgEXQx4NJZV9ImqmO2NPz5FNsIHrsDjh2YsHnawpan7SNQ1o8NuhrbHZy9AZhIoCUiCeaW/C80g=="],

    "uint8-varint": ["uint8-varint@3.0.0", "", { "dependencies": { "uint8arraylist": "^3.0.1", "uint8arrays": "^6.1.0" } }, "sha512-S4DdpXBaLwKcFo7f0bWzWfHjbZ/i3QhM842qn+ZvHjxqFCfUcEB9SQNcmI69S+zMlcmIcKxsk9Iyw77S2Kxv6Q=="],

    "uint8arraylist": ["uint8arraylist@2.4.9", "", { "dependencies": { "uint8arrays": "^5.0.1" } }, "sha512-KxWjyEFzchzik3aoQlK66oaoxIReoMo5bQRm1fcjBUZvE8xv/tyR3CTKhjh6K/faV8VaF6hd5pjr45CzbwuwkA=="],

    "uint8arrays": ["uint8arrays@5.1.1", "", { "dependencies": { "multiformats": "^13.0.0" } }, "sha512-9muQwa4wZG4dKi9gMAIBtnk2Pw87SRpvWTH6lOGm19V2Uqxr4uomUf2PGqPnWc+qs06sN8owUU4jfcoWOcfwVQ=="],

    "unlimited-timeout": ["unlimited-timeout@0.1.0", "", {}, "sha512-D4g+mxFeQGQHzCfnvij+R35ukJ0658Zzudw7j16p4tBBbNasKkKM4SocYxqhwT5xA7a9JYWDzKkEFyMlRi5sng=="],

    "utf8-codec": ["utf8-codec@1.0.0", "", {}, "sha512-S/QSLezp3qvG4ld5PUfXiH7mCFxLKjSVZRFkB3DOjgwHuJPFDkInAXc/anf7BAbHt/D38ozDzL+QMZ6/7gsI6w=="],

    "weald": ["weald@1.1.3", "", { "dependencies": { "ms": "^4.0.0-nightly.202508271359", "supports-color": "^10.0.0" } }, "sha512-vMWtNbYuPb58NeG2+0sKA0Een4VMDwzf+3oHqh68buWRSOMUBlUeRb11LhV28czV+DUpJHRykifijZDuS9bInA=="],

    "wherearewe": ["wherearewe@2.0.1", "", { "dependencies": { "is-electron": "^2.2.0" } }, "sha512-XUguZbDxCA2wBn2LoFtcEhXL6AXo+hVjGonwhSTTTU9SzbWG8Xu3onNIpzf9j/mYUcJQ0f+m37SzG77G851uFw=="],

    "@chainsafe/libp2p-yamux/race-signal": ["race-signal@2.0.2", "", {}, "sha512-IuNNNY5NLriMFEGl3BVei2xq9NIcpkuAklhPWamhu5tRJrJz0w9sloUMz73YXpmUluE2EZocmJm9rpQqXmCPiA=="],

    "@libp2p/autonat/protons-runtime": ["protons-runtime@7.1.1", "", { "dependencies": { "uint8-varint": "^3.0.0", "uint8arraylist": "^3.0.0", "uint8arrays": "^6.0.0" } }, "sha512-c/PYyiENwXzz+JQDISCDfBFAxmASuDJfoUovBUa81WJ0F6RdEy/u6wHvLIgmrzyl+q3ulvVLTHNCErHs4X3cjA=="],

    "@libp2p/autonat/uint8arraylist": ["uint8arraylist@3.0.2", "", { "dependencies": { "uint8arrays": "^6.0.0" } }, "sha512-LDVoq9BQaGJzGDUovEnoX6rpKCvnY/Jbtws4ikwnBzjRbq5qBAFpBZevUEbSmMM87aO0Sp+wOZy2ZXf5yODmXQ=="],

    "@libp2p/circuit-relay-v2/protons-runtime": ["protons-runtime@7.1.1", "", { "dependencies": { "uint8-varint": "^3.0.0", "uint8arraylist": "^3.0.0", "uint8arrays": "^6.0.0" } }, "sha512-c/PYyiENwXzz+JQDISCDfBFAxmASuDJfoUovBUa81WJ0F6RdEy/u6wHvLIgmrzyl+q3ulvVLTHNCErHs4X3cjA=="],

    "@libp2p/circuit-relay-v2/uint8arraylist": ["uint8arraylist@3.0.2", "", { "dependencies": { "uint8arrays": "^6.0.0" } }, "sha512-LDVoq9BQaGJzGDUovEnoX6rpKCvnY/Jbtws4ikwnBzjRbq5qBAFpBZevUEbSmMM87aO0Sp+wOZy2ZXf5yODmXQ=="],

    "@libp2p/circuit-relay-v2/uint8arrays": ["uint8arrays@6.1.1", "", { "dependencies": { "multiformats": "^14.0.0" } }, "sha512-iz7JN0XCSZYA111lhFG2Ui9EhFvTNekqSRHw3lvMHq+dzwWy1OQftxFQREEh4rffU0oSoXdQHsk2TiHKVm4fsA=="],

    "@libp2p/crypto/protons-runtime": ["protons-runtime@7.1.1", "", { "dependencies": { "uint8-varint": "^3.0.0", "uint8arraylist": "^3.0.0", "uint8arrays": "^6.0.0" } }, "sha512-c/PYyiENwXzz+JQDISCDfBFAxmASuDJfoUovBUa81WJ0F6RdEy/u6wHvLIgmrzyl+q3ulvVLTHNCErHs4X3cjA=="],

    "@libp2p/crypto/uint8arraylist": ["uint8arraylist@3.0.2", "", { "dependencies": { "uint8arrays": "^6.0.0" } }, "sha512-LDVoq9BQaGJzGDUovEnoX6rpKCvnY/Jbtws4ikwnBzjRbq5qBAFpBZevUEbSmMM87aO0Sp+wOZy2ZXf5yODmXQ=="],

    "@libp2p/crypto/uint8arrays": ["uint8arrays@6.1.1", "", { "dependencies": { "multiformats": "^14.0.0" } }, "sha512-iz7JN0XCSZYA111lhFG2Ui9EhFvTNekqSRHw3lvMHq+dzwWy1OQftxFQREEh4rffU0oSoXdQHsk2TiHKVm4fsA=="],

    "@libp2p/dcutr/protons-runtime": ["protons-runtime@7.1.1", "", { "dependencies": { "uint8-varint": "^3.0.0", "uint8arraylist": "^3.0.0", "uint8arrays": "^6.0.0" } }, "sha512-c/PYyiENwXzz+JQDISCDfBFAxmASuDJfoUovBUa81WJ0F6RdEy/u6wHvLIgmrzyl+q3ulvVLTHNCErHs4X3cjA=="],

    "@libp2p/dcutr/uint8arraylist": ["uint8arraylist@3.0.2", "", { "dependencies": { "uint8arrays": "^6.0.0" } }, "sha512-LDVoq9BQaGJzGDUovEnoX6rpKCvnY/Jbtws4ikwnBzjRbq5qBAFpBZevUEbSmMM87aO0Sp+wOZy2ZXf5yODmXQ=="],

    "@libp2p/gossipsub/protons-runtime": ["protons-runtime@7.1.1", "", { "dependencies": { "uint8-varint": "^3.0.0", "uint8arraylist": "^3.0.0", "uint8arrays": "^6.0.0" } }, "sha512-c/PYyiENwXzz+JQDISCDfBFAxmASuDJfoUovBUa81WJ0F6RdEy/u6wHvLIgmrzyl+q3ulvVLTHNCErHs4X3cjA=="],

    "@libp2p/gossipsub/uint8arraylist": ["uint8arraylist@3.0.2", "", { "dependencies": { "uint8arrays": "^6.0.0" } }, "sha512-LDVoq9BQaGJzGDUovEnoX6rpKCvnY/Jbtws4ikwnBzjRbq5qBAFpBZevUEbSmMM87aO0Sp+wOZy2ZXf5yODmXQ=="],

    "@libp2p/gossipsub/uint8arrays": ["uint8arrays@6.1.1", "", { "dependencies": { "multiformats": "^14.0.0" } }, "sha512-iz7JN0XCSZYA111lhFG2Ui9EhFvTNekqSRHw3lvMHq+dzwWy1OQftxFQREEh4rffU0oSoXdQHsk2TiHKVm4fsA=="],

    "@libp2p/identify/protons-runtime": ["protons-runtime@7.1.1", "", { "dependencies": { "uint8-varint": "^3.0.0", "uint8arraylist": "^3.0.0", "uint8arrays": "^6.0.0" } }, "sha512-c/PYyiENwXzz+JQDISCDfBFAxmASuDJfoUovBUa81WJ0F6RdEy/u6wHvLIgmrzyl+q3ulvVLTHNCErHs4X3cjA=="],

    "@libp2p/identify/uint8arraylist": ["uint8arraylist@3.0.2", "", { "dependencies": { "uint8arrays": "^6.0.0" } }, "sha512-LDVoq9BQaGJzGDUovEnoX6rpKCvnY/Jbtws4ikwnBzjRbq5qBAFpBZevUEbSmMM87aO0Sp+wOZy2ZXf5yODmXQ=="],

    "@libp2p/identify/uint8arrays": ["uint8arrays@6.1.1", "", { "dependencies": { "multiformats": "^14.0.0" } }, "sha512-iz7JN0XCSZYA111lhFG2Ui9EhFvTNekqSRHw3lvMHq+dzwWy1OQftxFQREEh4rffU0oSoXdQHsk2TiHKVm4fsA=="],

    "@libp2p/interface/uint8arraylist": ["uint8arraylist@3.0.2", "", { "dependencies": { "uint8arrays": "^6.0.0" } }, "sha512-LDVoq9BQaGJzGDUovEnoX6rpKCvnY/Jbtws4ikwnBzjRbq5qBAFpBZevUEbSmMM87aO0Sp+wOZy2ZXf5yODmXQ=="],

    "@libp2p/kad-dht/protons-runtime": ["protons-runtime@7.1.1", "", { "dependencies": { "uint8-varint": "^3.0.0", "uint8arraylist": "^3.0.0", "uint8arrays": "^6.0.0" } }, "sha512-c/PYyiENwXzz+JQDISCDfBFAxmASuDJfoUovBUa81WJ0F6RdEy/u6wHvLIgmrzyl+q3ulvVLTHNCErHs4X3cjA=="],

    "@libp2p/kad-dht/race-signal": ["race-signal@2.0.2", "", {}, "sha512-IuNNNY5NLriMFEGl3BVei2xq9NIcpkuAklhPWamhu5tRJrJz0w9sloUMz73YXpmUluE2EZocmJm9rpQqXmCPiA=="],

    "@libp2p/kad-dht/uint8arraylist": ["uint8arraylist@3.0.2", "", { "dependencies": { "uint8arrays": "^6.0.0" } }, "sha512-LDVoq9BQaGJzGDUovEnoX6rpKCvnY/Jbtws4ikwnBzjRbq5qBAFpBZevUEbSmMM87aO0Sp+wOZy2ZXf5yODmXQ=="],

    "@libp2p/kad-dht/uint8arrays": ["uint8arrays@6.1.1", "", { "dependencies": { "multiformats": "^14.0.0" } }, "sha512-iz7JN0XCSZYA111lhFG2Ui9EhFvTNekqSRHw3lvMHq+dzwWy1OQftxFQREEh4rffU0oSoXdQHsk2TiHKVm4fsA=="],

    "@libp2p/multistream-select/uint8arraylist": ["uint8arraylist@3.0.2", "", { "dependencies": { "uint8arrays": "^6.0.0" } }, "sha512-LDVoq9BQaGJzGDUovEnoX6rpKCvnY/Jbtws4ikwnBzjRbq5qBAFpBZevUEbSmMM87aO0Sp+wOZy2ZXf5yODmXQ=="],

    "@libp2p/multistream-select/uint8arrays": ["uint8arrays@6.1.1", "", { "dependencies": { "multiformats": "^14.0.0" } }, "sha512-iz7JN0XCSZYA111lhFG2Ui9EhFvTNekqSRHw3lvMHq+dzwWy1OQftxFQREEh4rffU0oSoXdQHsk2TiHKVm4fsA=="],

    "@libp2p/peer-id/uint8arrays": ["uint8arrays@6.1.1", "", { "dependencies": { "multiformats": "^14.0.0" } }, "sha512-iz7JN0XCSZYA111lhFG2Ui9EhFvTNekqSRHw3lvMHq+dzwWy1OQftxFQREEh4rffU0oSoXdQHsk2TiHKVm4fsA=="],

    "@libp2p/peer-record/protons-runtime": ["protons-runtime@7.1.1", "", { "dependencies": { "uint8-varint": "^3.0.0", "uint8arraylist": "^3.0.0", "uint8arrays": "^6.0.0" } }, "sha512-c/PYyiENwXzz+JQDISCDfBFAxmASuDJfoUovBUa81WJ0F6RdEy/u6wHvLIgmrzyl+q3ulvVLTHNCErHs4X3cjA=="],

    "@libp2p/peer-record/uint8arraylist": ["uint8arraylist@3.0.2", "", { "dependencies": { "uint8arrays": "^6.0.0" } }, "sha512-LDVoq9BQaGJzGDUovEnoX6rpKCvnY/Jbtws4ikwnBzjRbq5qBAFpBZevUEbSmMM87aO0Sp+wOZy2ZXf5yODmXQ=="],

    "@libp2p/peer-record/uint8arrays": ["uint8arrays@6.1.1", "", { "dependencies": { "multiformats": "^14.0.0" } }, "sha512-iz7JN0XCSZYA111lhFG2Ui9EhFvTNekqSRHw3lvMHq+dzwWy1OQftxFQREEh4rffU0oSoXdQHsk2TiHKVm4fsA=="],

    "@libp2p/peer-store/protons-runtime": ["protons-runtime@7.1.1", "", { "dependencies": { "uint8-varint": "^3.0.0", "uint8arraylist": "^3.0.0", "uint8arrays": "^6.0.0" } }, "sha512-c/PYyiENwXzz+JQDISCDfBFAxmASuDJfoUovBUa81WJ0F6RdEy/u6wHvLIgmrzyl+q3ulvVLTHNCErHs4X3cjA=="],

    "@libp2p/peer-store/uint8arraylist": ["uint8arraylist@3.0.2", "", { "dependencies": { "uint8arrays": "^6.0.0" } }, "sha512-LDVoq9BQaGJzGDUovEnoX6rpKCvnY/Jbtws4ikwnBzjRbq5qBAFpBZevUEbSmMM87aO0Sp+wOZy2ZXf5yODmXQ=="],

    "@libp2p/peer-store/uint8arrays": ["uint8arrays@6.1.1", "", { "dependencies": { "multiformats": "^14.0.0" } }, "sha512-iz7JN0XCSZYA111lhFG2Ui9EhFvTNekqSRHw3lvMHq+dzwWy1OQftxFQREEh4rffU0oSoXdQHsk2TiHKVm4fsA=="],

    "@libp2p/ping/race-signal": ["race-signal@2.0.2", "", {}, "sha512-IuNNNY5NLriMFEGl3BVei2xq9NIcpkuAklhPWamhu5tRJrJz0w9sloUMz73YXpmUluE2EZocmJm9rpQqXmCPiA=="],

    "@libp2p/ping/uint8arraylist": ["uint8arraylist@3.0.2", "", { "dependencies": { "uint8arrays": "^6.0.0" } }, "sha512-LDVoq9BQaGJzGDUovEnoX6rpKCvnY/Jbtws4ikwnBzjRbq5qBAFpBZevUEbSmMM87aO0Sp+wOZy2ZXf5yODmXQ=="],

    "@libp2p/ping/uint8arrays": ["uint8arrays@6.1.1", "", { "dependencies": { "multiformats": "^14.0.0" } }, "sha512-iz7JN0XCSZYA111lhFG2Ui9EhFvTNekqSRHw3lvMHq+dzwWy1OQftxFQREEh4rffU0oSoXdQHsk2TiHKVm4fsA=="],

    "@libp2p/record/protons-runtime": ["protons-runtime@7.1.1", "", { "dependencies": { "uint8-varint": "^3.0.0", "uint8arraylist": "^3.0.0", "uint8arrays": "^6.0.0" } }, "sha512-c/PYyiENwXzz+JQDISCDfBFAxmASuDJfoUovBUa81WJ0F6RdEy/u6wHvLIgmrzyl+q3ulvVLTHNCErHs4X3cjA=="],

    "@libp2p/record/uint8arraylist": ["uint8arraylist@3.0.2", "", { "dependencies": { "uint8arrays": "^6.0.0" } }, "sha512-LDVoq9BQaGJzGDUovEnoX6rpKCvnY/Jbtws4ikwnBzjRbq5qBAFpBZevUEbSmMM87aO0Sp+wOZy2ZXf5yODmXQ=="],

    "@libp2p/record/uint8arrays": ["uint8arrays@6.1.1", "", { "dependencies": { "multiformats": "^14.0.0" } }, "sha512-iz7JN0XCSZYA111lhFG2Ui9EhFvTNekqSRHw3lvMHq+dzwWy1OQftxFQREEh4rffU0oSoXdQHsk2TiHKVm4fsA=="],

    "@libp2p/tcp/uint8arraylist": ["uint8arraylist@3.0.2", "", { "dependencies": { "uint8arrays": "^6.0.0" } }, "sha512-LDVoq9BQaGJzGDUovEnoX6rpKCvnY/Jbtws4ikwnBzjRbq5qBAFpBZevUEbSmMM87aO0Sp+wOZy2ZXf5yODmXQ=="],

    "@libp2p/utils/protons-runtime": ["protons-runtime@7.1.1", "", { "dependencies": { "uint8-varint": "^3.0.0", "uint8arraylist": "^3.0.0", "uint8arrays": "^6.0.0" } }, "sha512-c/PYyiENwXzz+JQDISCDfBFAxmASuDJfoUovBUa81WJ0F6RdEy/u6wHvLIgmrzyl+q3ulvVLTHNCErHs4X3cjA=="],

    "@libp2p/utils/race-signal": ["race-signal@2.0.2", "", {}, "sha512-IuNNNY5NLriMFEGl3BVei2xq9NIcpkuAklhPWamhu5tRJrJz0w9sloUMz73YXpmUluE2EZocmJm9rpQqXmCPiA=="],

    "@libp2p/utils/uint8arraylist": ["uint8arraylist@3.0.2", "", { "dependencies": { "uint8arrays": "^6.0.0" } }, "sha512-LDVoq9BQaGJzGDUovEnoX6rpKCvnY/Jbtws4ikwnBzjRbq5qBAFpBZevUEbSmMM87aO0Sp+wOZy2ZXf5yODmXQ=="],

    "@libp2p/utils/uint8arrays": ["uint8arrays@6.1.1", "", { "dependencies": { "multiformats": "^14.0.0" } }, "sha512-iz7JN0XCSZYA111lhFG2Ui9EhFvTNekqSRHw3lvMHq+dzwWy1OQftxFQREEh4rffU0oSoXdQHsk2TiHKVm4fsA=="],

    "@multiformats/dns/uint8arrays": ["uint8arrays@6.1.1", "", { "dependencies": { "multiformats": "^14.0.0" } }, "sha512-iz7JN0XCSZYA111lhFG2Ui9EhFvTNekqSRHw3lvMHq+dzwWy1OQftxFQREEh4rffU0oSoXdQHsk2TiHKVm4fsA=="],

    "@multiformats/multiaddr/uint8arrays": ["uint8arrays@6.1.1", "", { "dependencies": { "multiformats": "^14.0.0" } }, "sha512-iz7JN0XCSZYA111lhFG2Ui9EhFvTNekqSRHw3lvMHq+dzwWy1OQftxFQREEh4rffU0oSoXdQHsk2TiHKVm4fsA=="],

    "interface-datastore/uint8arrays": ["uint8arrays@6.1.1", "", { "dependencies": { "multiformats": "^14.0.0" } }, "sha512-iz7JN0XCSZYA111lhFG2Ui9EhFvTNekqSRHw3lvMHq+dzwWy1OQftxFQREEh4rffU0oSoXdQHsk2TiHKVm4fsA=="],

    "it-length-prefixed/uint8arraylist": ["uint8arraylist@3.0.2", "", { "dependencies": { "uint8arrays": "^6.0.0" } }, "sha512-LDVoq9BQaGJzGDUovEnoX6rpKCvnY/Jbtws4ikwnBzjRbq5qBAFpBZevUEbSmMM87aO0Sp+wOZy2ZXf5yODmXQ=="],

    "it-length-prefixed/uint8arrays": ["uint8arrays@6.1.1", "", { "dependencies": { "multiformats": "^14.0.0" } }, "sha512-iz7JN0XCSZYA111lhFG2Ui9EhFvTNekqSRHw3lvMHq+dzwWy1OQftxFQREEh4rffU0oSoXdQHsk2TiHKVm4fsA=="],

    "it-queue/race-signal": ["race-signal@2.0.2", "", {}, "sha512-IuNNNY5NLriMFEGl3BVei2xq9NIcpkuAklhPWamhu5tRJrJz0w9sloUMz73YXpmUluE2EZocmJm9rpQqXmCPiA=="],

    "it-queueless-pushable/race-signal": ["race-signal@2.0.2", "", {}, "sha512-IuNNNY5NLriMFEGl3BVei2xq9NIcpkuAklhPWamhu5tRJrJz0w9sloUMz73YXpmUluE2EZocmJm9rpQqXmCPiA=="],

    "it-reader/uint8arraylist": ["uint8arraylist@3.0.2", "", { "dependencies": { "uint8arrays": "^6.0.0" } }, "sha512-LDVoq9BQaGJzGDUovEnoX6rpKCvnY/Jbtws4ikwnBzjRbq5qBAFpBZevUEbSmMM87aO0Sp+wOZy2ZXf5yODmXQ=="],

    "libp2p/race-signal": ["race-signal@2.0.2", "", {}, "sha512-IuNNNY5NLriMFEGl3BVei2xq9NIcpkuAklhPWamhu5tRJrJz0w9sloUMz73YXpmUluE2EZocmJm9rpQqXmCPiA=="],

    "libp2p/uint8arrays": ["uint8arrays@6.1.1", "", { "dependencies": { "multiformats": "^14.0.0" } }, "sha512-iz7JN0XCSZYA111lhFG2Ui9EhFvTNekqSRHw3lvMHq+dzwWy1OQftxFQREEh4rffU0oSoXdQHsk2TiHKVm4fsA=="],

    "protons-runtime/uint8-varint": ["uint8-varint@2.0.5", "", { "dependencies": { "uint8arraylist": "^2.0.0", "uint8arrays": "^5.0.0" } }, "sha512-jeFLbL/x30wBRnWjKE1qVBXeumG46r7XmYkpis955lTQ+blccGKFrOsSMHlxePwYB1pI7L8YPHz1t4jLxEs3nA=="],

    "uint8-varint/uint8arraylist": ["uint8arraylist@3.0.2", "", { "dependencies": { "uint8arrays": "^6.0.0" } }, "sha512-LDVoq9BQaGJzGDUovEnoX6rpKCvnY/Jbtws4ikwnBzjRbq5qBAFpBZevUEbSmMM87aO0Sp+wOZy2ZXf5yODmXQ=="],

    "uint8-varint/uint8arrays": ["uint8arrays@6.1.1", "", { "dependencies": { "multiformats": "^14.0.0" } }, "sha512-iz7JN0XCSZYA111lhFG2Ui9EhFvTNekqSRHw3lvMHq+dzwWy1OQftxFQREEh4rffU0oSoXdQHsk2TiHKVm4fsA=="],

    "uint8arrays/multiformats": ["multiformats@13.4.2", "", {}, "sha512-eh6eHCrRi1+POZ3dA+Dq1C6jhP1GNtr9CRINMb67OKzqW9I5DUuZM/3jLPlzhgpGeiNUlEGEbkCYChXMCc/8DQ=="],

    "@libp2p/autonat/protons-runtime/uint8arrays": ["uint8arrays@6.1.1", "", { "dependencies": { "multiformats": "^14.0.0" } }, "sha512-iz7JN0XCSZYA111lhFG2Ui9EhFvTNekqSRHw3lvMHq+dzwWy1OQftxFQREEh4rffU0oSoXdQHsk2TiHKVm4fsA=="],

    "@libp2p/autonat/uint8arraylist/uint8arrays": ["uint8arrays@6.1.1", "", { "dependencies": { "multiformats": "^14.0.0" } }, "sha512-iz7JN0XCSZYA111lhFG2Ui9EhFvTNekqSRHw3lvMHq+dzwWy1OQftxFQREEh4rffU0oSoXdQHsk2TiHKVm4fsA=="],

    "@libp2p/dcutr/protons-runtime/uint8arrays": ["uint8arrays@6.1.1", "", { "dependencies": { "multiformats": "^14.0.0" } }, "sha512-iz7JN0XCSZYA111lhFG2Ui9EhFvTNekqSRHw3lvMHq+dzwWy1OQftxFQREEh4rffU0oSoXdQHsk2TiHKVm4fsA=="],

    "@libp2p/dcutr/uint8arraylist/uint8arrays": ["uint8arrays@6.1.1", "", { "dependencies": { "multiformats": "^14.0.0" } }, "sha512-iz7JN0XCSZYA111lhFG2Ui9EhFvTNekqSRHw3lvMHq+dzwWy1OQftxFQREEh4rffU0oSoXdQHsk2TiHKVm4fsA=="],

    "@libp2p/interface/uint8arraylist/uint8arrays": ["uint8arrays@6.1.1", "", { "dependencies": { "multiformats": "^14.0.0" } }, "sha512-iz7JN0XCSZYA111lhFG2Ui9EhFvTNekqSRHw3lvMHq+dzwWy1OQftxFQREEh4rffU0oSoXdQHsk2TiHKVm4fsA=="],

    "@libp2p/tcp/uint8arraylist/uint8arrays": ["uint8arrays@6.1.1", "", { "dependencies": { "multiformats": "^14.0.0" } }, "sha512-iz7JN0XCSZYA111lhFG2Ui9EhFvTNekqSRHw3lvMHq+dzwWy1OQftxFQREEh4rffU0oSoXdQHsk2TiHKVm4fsA=="],

    "it-reader/uint8arraylist/uint8arrays": ["uint8arrays@6.1.1", "", { "dependencies": { "multiformats": "^14.0.0" } }, "sha512-iz7JN0XCSZYA111lhFG2Ui9EhFvTNekqSRHw3lvMHq+dzwWy1OQftxFQREEh4rffU0oSoXdQHsk2TiHKVm4fsA=="],
  }
}
